
Microsoft Visual Studio Solution File, Format Version 12.00
# Visual Studio Version 17
VisualStudioVersion = 17.3.32922.545
MinimumVisualStudioVersion = 10.0.40219.1
Project("{9A19103F-16F7-4668-BE54-9A1E7A4F7556}") = "SharedApiLibrary", "Shared\SharedApiLibrary\SharedApiLibrary.csproj", "{E615A7DF-4079-49A5-94BE-66DA1C4AC3E7}"
EndProject
Project("{9A19103F-16F7-4668-BE54-9A1E7A4F7556}") = "SharedInfraStructureLibrary", "Shared\SharedInfraStructureLibrary\SharedInfraStructureLibrary.csproj", "{84D2D052-C7DB-455D-B73C-85BEE45071A5}"
EndProject
Project("{9A19103F-16F7-4668-BE54-9A1E7A4F7556}") = "SharedCoreLibrary", "Shared\SharedCoreLibrary\SharedCoreLibrary.csproj", "{6D02EDAE-A487-4CF6-9375-8DAA550CBA88}"
EndProject
Project("{2150E333-8FDC-42A3-9474-1A3956D46DE8}") = "Src", "Src", "{BA86254E-2067-4165-958B-A99D4EB7BF0C}"
EndProject
Project("{2150E333-8FDC-42A3-9474-1A3956D46DE8}") = "Shared", "Shared", "{94AD5409-3283-4D70-8EDF-6A8442275247}"
EndProject
Project("{9A19103F-16F7-4668-BE54-9A1E7A4F7556}") = "Ewan.HR.API", "Src\Ewan.HR.API\Ewan.HR.API.csproj", "{84F1B7D4-AED8-4DEE-AADC-757C025B0477}"
EndProject
Project("{9A19103F-16F7-4668-BE54-9A1E7A4F7556}") = "Ewan.HR.Core", "Src\Ewan.HR.Core\Ewan.HR.Core.csproj", "{7A41B4FF-49F8-4B1D-8022-4A167D770A5A}"
EndProject
Project("{9A19103F-16F7-4668-BE54-9A1E7A4F7556}") = "Ewan.HR.InfraStructure", "Src\Ewan.HR.InfraStructure\Ewan.HR.InfraStructure.csproj", "{73E43760-AED2-4B89-89D2-0D0C5D062EE0}"
EndProject
Global
	GlobalSection(SolutionConfigurationPlatforms) = preSolution
		Debug|Any CPU = Debug|Any CPU
		Development|Any CPU = Development|Any CPU
		Production|Any CPU = Production|Any CPU
		Release|Any CPU = Release|Any CPU
		Stage|Any CPU = Stage|Any CPU
		Test|Any CPU = Test|Any CPU
	EndGlobalSection
	GlobalSection(ProjectConfigurationPlatforms) = postSolution
		{E615A7DF-4079-49A5-94BE-66DA1C4AC3E7}.Debug|Any CPU.ActiveCfg = Debug|Any CPU
		{E615A7DF-4079-49A5-94BE-66DA1C4AC3E7}.Debug|Any CPU.Build.0 = Debug|Any CPU
		{E615A7DF-4079-49A5-94BE-66DA1C4AC3E7}.Development|Any CPU.ActiveCfg = Development|Any CPU
		{E615A7DF-4079-49A5-94BE-66DA1C4AC3E7}.Development|Any CPU.Build.0 = Development|Any CPU
		{E615A7DF-4079-49A5-94BE-66DA1C4AC3E7}.Production|Any CPU.ActiveCfg = Production|Any CPU
		{E615A7DF-4079-49A5-94BE-66DA1C4AC3E7}.Production|Any CPU.Build.0 = Production|Any CPU
		{E615A7DF-4079-49A5-94BE-66DA1C4AC3E7}.Release|Any CPU.ActiveCfg = Release|Any CPU
		{E615A7DF-4079-49A5-94BE-66DA1C4AC3E7}.Release|Any CPU.Build.0 = Release|Any CPU
		{E615A7DF-4079-49A5-94BE-66DA1C4AC3E7}.Stage|Any CPU.ActiveCfg = Stage|Any CPU
		{E615A7DF-4079-49A5-94BE-66DA1C4AC3E7}.Stage|Any CPU.Build.0 = Stage|Any CPU
		{E615A7DF-4079-49A5-94BE-66DA1C4AC3E7}.Test|Any CPU.ActiveCfg = Test|Any CPU
		{E615A7DF-4079-49A5-94BE-66DA1C4AC3E7}.Test|Any CPU.Build.0 = Test|Any CPU
		{84D2D052-C7DB-455D-B73C-85BEE45071A5}.Debug|Any CPU.ActiveCfg = Debug|Any CPU
		{84D2D052-C7DB-455D-B73C-85BEE45071A5}.Debug|Any CPU.Build.0 = Debug|Any CPU
		{84D2D052-C7DB-455D-B73C-85BEE45071A5}.Development|Any CPU.ActiveCfg = Development|Any CPU
		{84D2D052-C7DB-455D-B73C-85BEE45071A5}.Development|Any CPU.Build.0 = Development|Any CPU
		{84D2D052-C7DB-455D-B73C-85BEE45071A5}.Production|Any CPU.ActiveCfg = Production|Any CPU
		{84D2D052-C7DB-455D-B73C-85BEE45071A5}.Production|Any CPU.Build.0 = Production|Any CPU
		{84D2D052-C7DB-455D-B73C-85BEE45071A5}.Release|Any CPU.ActiveCfg = Release|Any CPU
		{84D2D052-C7DB-455D-B73C-85BEE45071A5}.Release|Any CPU.Build.0 = Release|Any CPU
		{84D2D052-C7DB-455D-B73C-85BEE45071A5}.Stage|Any CPU.ActiveCfg = Stage|Any CPU
		{84D2D052-C7DB-455D-B73C-85BEE45071A5}.Stage|Any CPU.Build.0 = Stage|Any CPU
		{84D2D052-C7DB-455D-B73C-85BEE45071A5}.Test|Any CPU.ActiveCfg = Test|Any CPU
		{84D2D052-C7DB-455D-B73C-85BEE45071A5}.Test|Any CPU.Build.0 = Test|Any CPU
		{6D02EDAE-A487-4CF6-9375-8DAA550CBA88}.Debug|Any CPU.ActiveCfg = Debug|Any CPU
		{6D02EDAE-A487-4CF6-9375-8DAA550CBA88}.Debug|Any CPU.Build.0 = Debug|Any CPU
		{6D02EDAE-A487-4CF6-9375-8DAA550CBA88}.Development|Any CPU.ActiveCfg = Development|Any CPU
		{6D02EDAE-A487-4CF6-9375-8DAA550CBA88}.Development|Any CPU.Build.0 = Development|Any CPU
		{6D02EDAE-A487-4CF6-9375-8DAA550CBA88}.Production|Any CPU.ActiveCfg = Production|Any CPU
		{6D02EDAE-A487-4CF6-9375-8DAA550CBA88}.Production|Any CPU.Build.0 = Production|Any CPU
		{6D02EDAE-A487-4CF6-9375-8DAA550CBA88}.Release|Any CPU.ActiveCfg = Release|Any CPU
		{6D02EDAE-A487-4CF6-9375-8DAA550CBA88}.Release|Any CPU.Build.0 = Release|Any CPU
		{6D02EDAE-A487-4CF6-9375-8DAA550CBA88}.Stage|Any CPU.ActiveCfg = Stage|Any CPU
		{6D02EDAE-A487-4CF6-9375-8DAA550CBA88}.Stage|Any CPU.Build.0 = Stage|Any CPU
		{6D02EDAE-A487-4CF6-9375-8DAA550CBA88}.Test|Any CPU.ActiveCfg = Test|Any CPU
		{6D02EDAE-A487-4CF6-9375-8DAA550CBA88}.Test|Any CPU.Build.0 = Test|Any CPU
		{84F1B7D4-AED8-4DEE-AADC-757C025B0477}.Debug|Any CPU.ActiveCfg = Debug|Any CPU
		{84F1B7D4-AED8-4DEE-AADC-757C025B0477}.Debug|Any CPU.Build.0 = Debug|Any CPU
		{84F1B7D4-AED8-4DEE-AADC-757C025B0477}.Development|Any CPU.ActiveCfg = Development|Any CPU
		{84F1B7D4-AED8-4DEE-AADC-757C025B0477}.Development|Any CPU.Build.0 = Development|Any CPU
		{84F1B7D4-AED8-4DEE-AADC-757C025B0477}.Production|Any CPU.ActiveCfg = Production|Any CPU
		{84F1B7D4-AED8-4DEE-AADC-757C025B0477}.Production|Any CPU.Build.0 = Production|Any CPU
		{84F1B7D4-AED8-4DEE-AADC-757C025B0477}.Release|Any CPU.ActiveCfg = Release|Any CPU
		{84F1B7D4-AED8-4DEE-AADC-757C025B0477}.Release|Any CPU.Build.0 = Release|Any CPU
		{84F1B7D4-AED8-4DEE-AADC-757C025B0477}.Stage|Any CPU.ActiveCfg = Stage|Any CPU
		{84F1B7D4-AED8-4DEE-AADC-757C025B0477}.Stage|Any CPU.Build.0 = Stage|Any CPU
		{84F1B7D4-AED8-4DEE-AADC-757C025B0477}.Test|Any CPU.ActiveCfg = Debug|Any CPU
		{84F1B7D4-AED8-4DEE-AADC-757C025B0477}.Test|Any CPU.Build.0 = Debug|Any CPU
		{7A41B4FF-49F8-4B1D-8022-4A167D770A5A}.Debug|Any CPU.ActiveCfg = Debug|Any CPU
		{7A41B4FF-49F8-4B1D-8022-4A167D770A5A}.Debug|Any CPU.Build.0 = Debug|Any CPU
		{7A41B4FF-49F8-4B1D-8022-4A167D770A5A}.Development|Any CPU.ActiveCfg = Development|Any CPU
		{7A41B4FF-49F8-4B1D-8022-4A167D770A5A}.Development|Any CPU.Build.0 = Development|Any CPU
		{7A41B4FF-49F8-4B1D-8022-4A167D770A5A}.Production|Any CPU.ActiveCfg = Production|Any CPU
		{7A41B4FF-49F8-4B1D-8022-4A167D770A5A}.Production|Any CPU.Build.0 = Production|Any CPU
		{7A41B4FF-49F8-4B1D-8022-4A167D770A5A}.Release|Any CPU.ActiveCfg = Release|Any CPU
		{7A41B4FF-49F8-4B1D-8022-4A167D770A5A}.Release|Any CPU.Build.0 = Release|Any CPU
		{7A41B4FF-49F8-4B1D-8022-4A167D770A5A}.Stage|Any CPU.ActiveCfg = Stage|Any CPU
		{7A41B4FF-49F8-4B1D-8022-4A167D770A5A}.Stage|Any CPU.Build.0 = Stage|Any CPU
		{7A41B4FF-49F8-4B1D-8022-4A167D770A5A}.Test|Any CPU.ActiveCfg = Debug|Any CPU
		{7A41B4FF-49F8-4B1D-8022-4A167D770A5A}.Test|Any CPU.Build.0 = Debug|Any CPU
		{73E43760-AED2-4B89-89D2-0D0C5D062EE0}.Debug|Any CPU.ActiveCfg = Debug|Any CPU
		{73E43760-AED2-4B89-89D2-0D0C5D062EE0}.Debug|Any CPU.Build.0 = Debug|Any CPU
		{73E43760-AED2-4B89-89D2-0D0C5D062EE0}.Development|Any CPU.ActiveCfg = Development|Any CPU
		{73E43760-AED2-4B89-89D2-0D0C5D062EE0}.Development|Any CPU.Build.0 = Development|Any CPU
		{73E43760-AED2-4B89-89D2-0D0C5D062EE0}.Production|Any CPU.ActiveCfg = Production|Any CPU
		{73E43760-AED2-4B89-89D2-0D0C5D062EE0}.Production|Any CPU.Build.0 = Production|Any CPU
		{73E43760-AED2-4B89-89D2-0D0C5D062EE0}.Release|Any CPU.ActiveCfg = Release|Any CPU
		{73E43760-AED2-4B89-89D2-0D0C5D062EE0}.Release|Any CPU.Build.0 = Release|Any CPU
		{73E43760-AED2-4B89-89D2-0D0C5D062EE0}.Stage|Any CPU.ActiveCfg = Stage|Any CPU
		{73E43760-AED2-4B89-89D2-0D0C5D062EE0}.Stage|Any CPU.Build.0 = Stage|Any CPU
		{73E43760-AED2-4B89-89D2-0D0C5D062EE0}.Test|Any CPU.ActiveCfg = Debug|Any CPU
		{73E43760-AED2-4B89-89D2-0D0C5D062EE0}.Test|Any CPU.Build.0 = Debug|Any CPU
	EndGlobalSection
	GlobalSection(SolutionProperties) = preSolution
		HideSolutionNode = FALSE
	EndGlobalSection
	GlobalSection(NestedProjects) = preSolution
		{E615A7DF-4079-49A5-94BE-66DA1C4AC3E7} = {94AD5409-3283-4D70-8EDF-6A8442275247}
		{84D2D052-C7DB-455D-B73C-85BEE45071A5} = {94AD5409-3283-4D70-8EDF-6A8442275247}
		{6D02EDAE-A487-4CF6-9375-8DAA550CBA88} = {94AD5409-3283-4D70-8EDF-6A8442275247}
		{84F1B7D4-AED8-4DEE-AADC-757C025B0477} = {BA86254E-2067-4165-958B-A99D4EB7BF0C}
		{7A41B4FF-49F8-4B1D-8022-4A167D770A5A} = {BA86254E-2067-4165-958B-A99D4EB7BF0C}
		{73E43760-AED2-4B89-89D2-0D0C5D062EE0} = {BA86254E-2067-4165-958B-A99D4EB7BF0C}
	EndGlobalSection
	GlobalSection(ExtensibilityGlobals) = postSolution
		SolutionGuid = {3230C4FC-F4C8-498F-ACE6-377996D6EBD7}
	EndGlobalSection
EndGlobal
