
Microsoft Visual Studio Solution File, Format Version 12.00
# Visual Studio Version 17
VisualStudioVersion = 17.3.32922.545
MinimumVisualStudioVersion = 10.0.40219.1
Project("{9A19103F-16F7-4668-BE54-9A1E7A4F7556}") = "Ewan.HR.API", "Src\Ewan.Finance.API\Ewan.HR.API.csproj", "{A7169F03-7A4F-4DD9-953A-B5F5E8517D84}"
EndProject
Project("{9A19103F-16F7-4668-BE54-9A1E7A4F7556}") = "Ewan.HR.Core", "Src\Ewan.Finance.Core\Ewan.HR.Core.csproj", "{7C255EDA-631A-4553-8A4B-F57A898C918B}"
EndProject
Project("{9A19103F-16F7-4668-BE54-9A1E7A4F7556}") = "Ewan.HR.InfraStructure", "Src\Ewan.Finance.InfraStructure\Ewan.HR.InfraStructure.csproj", "{C0FF10C1-A9A1-457F-9275-B2561C58DE70}"
EndProject
Project("{9A19103F-16F7-4668-BE54-9A1E7A4F7556}") = "SharedApiLibrary", "Shared\SharedApiLibrary\SharedApiLibrary.csproj", "{E615A7DF-4079-49A5-94BE-66DA1C4AC3E7}"
EndProject
Project("{9A19103F-16F7-4668-BE54-9A1E7A4F7556}") = "SharedInfraStructureLibrary", "Shared\SharedInfraStructureLibrary\SharedInfraStructureLibrary.csproj", "{84D2D052-C7DB-455D-B73C-85BEE45071A5}"
EndProject
Project("{9A19103F-16F7-4668-BE54-9A1E7A4F7556}") = "SharedCoreLibrary", "Shared\SharedCoreLibrary\SharedCoreLibrary.csproj", "{6D02EDAE-A487-4CF6-9375-8DAA550CBA88}"
EndProject
Project("{2150E333-8FDC-42A3-9474-1A3956D46DE8}") = "Src", "Src", "{BA86254E-2067-4165-958B-A99D4EB7BF0C}"
EndProject
Project("{2150E333-8FDC-42A3-9474-1A3956D46DE8}") = "Shared", "Shared", "{94AD5409-3283-4D70-8EDF-6A8442275247}"
EndProject
Global
	GlobalSection(SolutionConfigurationPlatforms) = preSolution
		Debug|Any CPU = Debug|Any CPU
		Development|Any CPU = Development|Any CPU
		Production|Any CPU = Production|Any CPU
		Release|Any CPU = Release|Any CPU
		Stage|Any CPU = Stage|Any CPU
		Test|Any CPU = Test|Any CPU
	EndGlobalSection
	GlobalSection(ProjectConfigurationPlatforms) = postSolution
		{A7169F03-7A4F-4DD9-953A-B5F5E8517D84}.Debug|Any CPU.ActiveCfg = Debug|Any CPU
		{A7169F03-7A4F-4DD9-953A-B5F5E8517D84}.Debug|Any CPU.Build.0 = Debug|Any CPU
		{A7169F03-7A4F-4DD9-953A-B5F5E8517D84}.Development|Any CPU.ActiveCfg = Development|Any CPU
		{A7169F03-7A4F-4DD9-953A-B5F5E8517D84}.Development|Any CPU.Build.0 = Development|Any CPU
		{A7169F03-7A4F-4DD9-953A-B5F5E8517D84}.Production|Any CPU.ActiveCfg = Production|Any CPU
		{A7169F03-7A4F-4DD9-953A-B5F5E8517D84}.Production|Any CPU.Build.0 = Production|Any CPU
		{A7169F03-7A4F-4DD9-953A-B5F5E8517D84}.Release|Any CPU.ActiveCfg = Release|Any CPU
		{A7169F03-7A4F-4DD9-953A-B5F5E8517D84}.Release|Any CPU.Build.0 = Release|Any CPU
		{A7169F03-7A4F-4DD9-953A-B5F5E8517D84}.Stage|Any CPU.ActiveCfg = Stage|Any CPU
		{A7169F03-7A4F-4DD9-953A-B5F5E8517D84}.Stage|Any CPU.Build.0 = Stage|Any CPU
		{A7169F03-7A4F-4DD9-953A-B5F5E8517D84}.Test|Any CPU.ActiveCfg = Debug|Any CPU
		{A7169F03-7A4F-4DD9-953A-B5F5E8517D84}.Test|Any CPU.Build.0 = Debug|Any CPU
		{7C255EDA-631A-4553-8A4B-F57A898C918B}.Debug|Any CPU.ActiveCfg = Debug|Any CPU
		{7C255EDA-631A-4553-8A4B-F57A898C918B}.Debug|Any CPU.Build.0 = Debug|Any CPU
		{7C255EDA-631A-4553-8A4B-F57A898C918B}.Development|Any CPU.ActiveCfg = Development|Any CPU
		{7C255EDA-631A-4553-8A4B-F57A898C918B}.Development|Any CPU.Build.0 = Development|Any CPU
		{7C255EDA-631A-4553-8A4B-F57A898C918B}.Production|Any CPU.ActiveCfg = Production|Any CPU
		{7C255EDA-631A-4553-8A4B-F57A898C918B}.Production|Any CPU.Build.0 = Production|Any CPU
		{7C255EDA-631A-4553-8A4B-F57A898C918B}.Release|Any CPU.ActiveCfg = Release|Any CPU
		{7C255EDA-631A-4553-8A4B-F57A898C918B}.Release|Any CPU.Build.0 = Release|Any CPU
		{7C255EDA-631A-4553-8A4B-F57A898C918B}.Stage|Any CPU.ActiveCfg = Stage|Any CPU
		{7C255EDA-631A-4553-8A4B-F57A898C918B}.Stage|Any CPU.Build.0 = Stage|Any CPU
		{7C255EDA-631A-4553-8A4B-F57A898C918B}.Test|Any CPU.ActiveCfg = Debug|Any CPU
		{7C255EDA-631A-4553-8A4B-F57A898C918B}.Test|Any CPU.Build.0 = Debug|Any CPU
		{C0FF10C1-A9A1-457F-9275-B2561C58DE70}.Debug|Any CPU.ActiveCfg = Debug|Any CPU
		{C0FF10C1-A9A1-457F-9275-B2561C58DE70}.Debug|Any CPU.Build.0 = Debug|Any CPU
		{C0FF10C1-A9A1-457F-9275-B2561C58DE70}.Development|Any CPU.ActiveCfg = Development|Any CPU
		{C0FF10C1-A9A1-457F-9275-B2561C58DE70}.Development|Any CPU.Build.0 = Development|Any CPU
		{C0FF10C1-A9A1-457F-9275-B2561C58DE70}.Production|Any CPU.ActiveCfg = Production|Any CPU
		{C0FF10C1-A9A1-457F-9275-B2561C58DE70}.Production|Any CPU.Build.0 = Production|Any CPU
		{C0FF10C1-A9A1-457F-9275-B2561C58DE70}.Release|Any CPU.ActiveCfg = Release|Any CPU
		{C0FF10C1-A9A1-457F-9275-B2561C58DE70}.Release|Any CPU.Build.0 = Release|Any CPU
		{C0FF10C1-A9A1-457F-9275-B2561C58DE70}.Stage|Any CPU.ActiveCfg = Stage|Any CPU
		{C0FF10C1-A9A1-457F-9275-B2561C58DE70}.Stage|Any CPU.Build.0 = Stage|Any CPU
		{C0FF10C1-A9A1-457F-9275-B2561C58DE70}.Test|Any CPU.ActiveCfg = Debug|Any CPU
		{C0FF10C1-A9A1-457F-9275-B2561C58DE70}.Test|Any CPU.Build.0 = Debug|Any CPU
		{E615A7DF-4079-49A5-94BE-66DA1C4AC3E7}.Debug|Any CPU.ActiveCfg = Debug|Any CPU
		{E615A7DF-4079-49A5-94BE-66DA1C4AC3E7}.Debug|Any CPU.Build.0 = Debug|Any CPU
		{E615A7DF-4079-49A5-94BE-66DA1C4AC3E7}.Development|Any CPU.ActiveCfg = Development|Any CPU
		{E615A7DF-4079-49A5-94BE-66DA1C4AC3E7}.Development|Any CPU.Build.0 = Development|Any CPU
		{E615A7DF-4079-49A5-94BE-66DA1C4AC3E7}.Production|Any CPU.ActiveCfg = Production|Any CPU
		{E615A7DF-4079-49A5-94BE-66DA1C4AC3E7}.Production|Any CPU.Build.0 = Production|Any CPU
		{E615A7DF-4079-49A5-94BE-66DA1C4AC3E7}.Release|Any CPU.ActiveCfg = Release|Any CPU
		{E615A7DF-4079-49A5-94BE-66DA1C4AC3E7}.Release|Any CPU.Build.0 = Release|Any CPU
		{E615A7DF-4079-49A5-94BE-66DA1C4AC3E7}.Stage|Any CPU.ActiveCfg = Stage|Any CPU
		{E615A7DF-4079-49A5-94BE-66DA1C4AC3E7}.Stage|Any CPU.Build.0 = Stage|Any CPU
		{E615A7DF-4079-49A5-94BE-66DA1C4AC3E7}.Test|Any CPU.ActiveCfg = Test|Any CPU
		{E615A7DF-4079-49A5-94BE-66DA1C4AC3E7}.Test|Any CPU.Build.0 = Test|Any CPU
		{84D2D052-C7DB-455D-B73C-85BEE45071A5}.Debug|Any CPU.ActiveCfg = Debug|Any CPU
		{84D2D052-C7DB-455D-B73C-85BEE45071A5}.Debug|Any CPU.Build.0 = Debug|Any CPU
		{84D2D052-C7DB-455D-B73C-85BEE45071A5}.Development|Any CPU.ActiveCfg = Development|Any CPU
		{84D2D052-C7DB-455D-B73C-85BEE45071A5}.Development|Any CPU.Build.0 = Development|Any CPU
		{84D2D052-C7DB-455D-B73C-85BEE45071A5}.Production|Any CPU.ActiveCfg = Production|Any CPU
		{84D2D052-C7DB-455D-B73C-85BEE45071A5}.Production|Any CPU.Build.0 = Production|Any CPU
		{84D2D052-C7DB-455D-B73C-85BEE45071A5}.Release|Any CPU.ActiveCfg = Release|Any CPU
		{84D2D052-C7DB-455D-B73C-85BEE45071A5}.Release|Any CPU.Build.0 = Release|Any CPU
		{84D2D052-C7DB-455D-B73C-85BEE45071A5}.Stage|Any CPU.ActiveCfg = Stage|Any CPU
		{84D2D052-C7DB-455D-B73C-85BEE45071A5}.Stage|Any CPU.Build.0 = Stage|Any CPU
		{84D2D052-C7DB-455D-B73C-85BEE45071A5}.Test|Any CPU.ActiveCfg = Test|Any CPU
		{84D2D052-C7DB-455D-B73C-85BEE45071A5}.Test|Any CPU.Build.0 = Test|Any CPU
		{6D02EDAE-A487-4CF6-9375-8DAA550CBA88}.Debug|Any CPU.ActiveCfg = Debug|Any CPU
		{6D02EDAE-A487-4CF6-9375-8DAA550CBA88}.Debug|Any CPU.Build.0 = Debug|Any CPU
		{6D02EDAE-A487-4CF6-9375-8DAA550CBA88}.Development|Any CPU.ActiveCfg = Development|Any CPU
		{6D02EDAE-A487-4CF6-9375-8DAA550CBA88}.Development|Any CPU.Build.0 = Development|Any CPU
		{6D02EDAE-A487-4CF6-9375-8DAA550CBA88}.Production|Any CPU.ActiveCfg = Production|Any CPU
		{6D02EDAE-A487-4CF6-9375-8DAA550CBA88}.Production|Any CPU.Build.0 = Production|Any CPU
		{6D02EDAE-A487-4CF6-9375-8DAA550CBA88}.Release|Any CPU.ActiveCfg = Release|Any CPU
		{6D02EDAE-A487-4CF6-9375-8DAA550CBA88}.Release|Any CPU.Build.0 = Release|Any CPU
		{6D02EDAE-A487-4CF6-9375-8DAA550CBA88}.Stage|Any CPU.ActiveCfg = Stage|Any CPU
		{6D02EDAE-A487-4CF6-9375-8DAA550CBA88}.Stage|Any CPU.Build.0 = Stage|Any CPU
		{6D02EDAE-A487-4CF6-9375-8DAA550CBA88}.Test|Any CPU.ActiveCfg = Test|Any CPU
		{6D02EDAE-A487-4CF6-9375-8DAA550CBA88}.Test|Any CPU.Build.0 = Test|Any CPU
	EndGlobalSection
	GlobalSection(SolutionProperties) = preSolution
		HideSolutionNode = FALSE
	EndGlobalSection
	GlobalSection(NestedProjects) = preSolution
		{A7169F03-7A4F-4DD9-953A-B5F5E8517D84} = {BA86254E-2067-4165-958B-A99D4EB7BF0C}
		{7C255EDA-631A-4553-8A4B-F57A898C918B} = {BA86254E-2067-4165-958B-A99D4EB7BF0C}
		{C0FF10C1-A9A1-457F-9275-B2561C58DE70} = {BA86254E-2067-4165-958B-A99D4EB7BF0C}
		{E615A7DF-4079-49A5-94BE-66DA1C4AC3E7} = {94AD5409-3283-4D70-8EDF-6A8442275247}
		{84D2D052-C7DB-455D-B73C-85BEE45071A5} = {94AD5409-3283-4D70-8EDF-6A8442275247}
		{6D02EDAE-A487-4CF6-9375-8DAA550CBA88} = {94AD5409-3283-4D70-8EDF-6A8442275247}
	EndGlobalSection
	GlobalSection(ExtensibilityGlobals) = postSolution
		SolutionGuid = {3230C4FC-F4C8-498F-ACE6-377996D6EBD7}
	EndGlobalSection
EndGlobal
